
Microsoft Visual Studio Solution File, Format Version 12.00
# Visual Studio 2013
VisualStudioVersion = 12.0.40629.0
MinimumVisualStudioVersion = 10.0.40219.1
Project("{FAE04EC0-301F-11D3-BF4B-00C04F79EFBC}") = "01.ExchangeNumbers", "01.ExchangeNumbers\01.ExchangeNumbers.csproj", "{F46E1165-E182-44D8-9294-D8F9C01F4C58}"
EndProject
Project("{FAE04EC0-301F-11D3-BF4B-00C04F79EFBC}") = "02.BonusScore", "02.BonusScore\02.BonusScore.csproj", "{AA9791BB-E3DF-4CAD-BE1E-495E8B56C291}"
EndProject
Project("{FAE04EC0-301F-11D3-BF4B-00C04F79EFBC}") = "03.PlayCard", "03.PlayCard\03.PlayCard.csproj", "{A0F2FB7C-F97B-46EF-B87A-91C5E0566EA4}"
EndProject
Project("{FAE04EC0-301F-11D3-BF4B-00C04F79EFBC}") = "04.MultiplicationSign", "04.MultiplicationSign\04.MultiplicationSign.csproj", "{B940FB98-6A07-4379-9389-44D78CB7DDDE}"
EndProject
Project("{FAE04EC0-301F-11D3-BF4B-00C04F79EFBC}") = "05.BiggestOf3", "05.BiggestOf3\05.BiggestOf3.csproj", "{13B673A9-3B8C-4304-8421-9F39F1FC387D}"
EndProject
Project("{FAE04EC0-301F-11D3-BF4B-00C04F79EFBC}") = "06.BiggestOf5", "06.BiggestOf5\06.BiggestOf5.csproj", "{8D36728E-41E9-452D-A17D-9EDDA49951A0}"
EndProject
Project("{FAE04EC0-301F-11D3-BF4B-00C04F79EFBC}") = "07.Sort3Numbers", "07.Sort3Numbers\07.Sort3Numbers.csproj", "{5076590C-A5F9-4250-B71E-D3950F874050}"
EndProject
Project("{FAE04EC0-301F-11D3-BF4B-00C04F79EFBC}") = "08.DigitAsWord", "08.DigitAsWord\08.DigitAsWord.csproj", "{1F1C6B49-BB3C-44D7-9C9E-D912CF76D525}"
EndProject
Project("{FAE04EC0-301F-11D3-BF4B-00C04F79EFBC}") = "09.IntDoubleString", "09.IntDoubleString\09.IntDoubleString.csproj", "{C3064299-66C9-49FD-B19B-38CF1774CFAF}"
EndProject
Global
	GlobalSection(SolutionConfigurationPlatforms) = preSolution
		Debug|Any CPU = Debug|Any CPU
		Release|Any CPU = Release|Any CPU
	EndGlobalSection
	GlobalSection(ProjectConfigurationPlatforms) = postSolution
		{F46E1165-E182-44D8-9294-D8F9C01F4C58}.Debug|Any CPU.ActiveCfg = Debug|Any CPU
		{F46E1165-E182-44D8-9294-D8F9C01F4C58}.Debug|Any CPU.Build.0 = Debug|Any CPU
		{F46E1165-E182-44D8-9294-D8F9C01F4C58}.Release|Any CPU.ActiveCfg = Release|Any CPU
		{F46E1165-E182-44D8-9294-D8F9C01F4C58}.Release|Any CPU.Build.0 = Release|Any CPU
		{AA9791BB-E3DF-4CAD-BE1E-495E8B56C291}.Debug|Any CPU.ActiveCfg = Debug|Any CPU
		{AA9791BB-E3DF-4CAD-BE1E-495E8B56C291}.Debug|Any CPU.Build.0 = Debug|Any CPU
		{AA9791BB-E3DF-4CAD-BE1E-495E8B56C291}.Release|Any CPU.ActiveCfg = Release|Any CPU
		{AA9791BB-E3DF-4CAD-BE1E-495E8B56C291}.Release|Any CPU.Build.0 = Release|Any CPU
		{A0F2FB7C-F97B-46EF-B87A-91C5E0566EA4}.Debug|Any CPU.ActiveCfg = Debug|Any CPU
		{A0F2FB7C-F97B-46EF-B87A-91C5E0566EA4}.Debug|Any CPU.Build.0 = Debug|Any CPU
		{A0F2FB7C-F97B-46EF-B87A-91C5E0566EA4}.Release|Any CPU.ActiveCfg = Release|Any CPU
		{A0F2FB7C-F97B-46EF-B87A-91C5E0566EA4}.Release|Any CPU.Build.0 = Release|Any CPU
		{B940FB98-6A07-4379-9389-44D78CB7DDDE}.Debug|Any CPU.ActiveCfg = Debug|Any CPU
		{B940FB98-6A07-4379-9389-44D78CB7DDDE}.Debug|Any CPU.Build.0 = Debug|Any CPU
		{B940FB98-6A07-4379-9389-44D78CB7DDDE}.Release|Any CPU.ActiveCfg = Release|Any CPU
		{B940FB98-6A07-4379-9389-44D78CB7DDDE}.Release|Any CPU.Build.0 = Release|Any CPU
		{13B673A9-3B8C-4304-8421-9F39F1FC387D}.Debug|Any CPU.ActiveCfg = Debug|Any CPU
		{13B673A9-3B8C-4304-8421-9F39F1FC387D}.Debug|Any CPU.Build.0 = Debug|Any CPU
		{13B673A9-3B8C-4304-8421-9F39F1FC387D}.Release|Any CPU.ActiveCfg = Release|Any CPU
		{13B673A9-3B8C-4304-8421-9F39F1FC387D}.Release|Any CPU.Build.0 = Release|Any CPU
		{8D36728E-41E9-452D-A17D-9EDDA49951A0}.Debug|Any CPU.ActiveCfg = Debug|Any CPU
		{8D36728E-41E9-452D-A17D-9EDDA49951A0}.Debug|Any CPU.Build.0 = Debug|Any CPU
		{8D36728E-41E9-452D-A17D-9EDDA49951A0}.Release|Any CPU.ActiveCfg = Release|Any CPU
		{8D36728E-41E9-452D-A17D-9EDDA49951A0}.Release|Any CPU.Build.0 = Release|Any CPU
		{5076590C-A5F9-4250-B71E-D3950F874050}.Debug|Any CPU.ActiveCfg = Debug|Any CPU
		{5076590C-A5F9-4250-B71E-D3950F874050}.Debug|Any CPU.Build.0 = Debug|Any CPU
		{5076590C-A5F9-4250-B71E-D3950F874050}.Release|Any CPU.ActiveCfg = Release|Any CPU
		{5076590C-A5F9-4250-B71E-D3950F874050}.Release|Any CPU.Build.0 = Release|Any CPU
		{1F1C6B49-BB3C-44D7-9C9E-D912CF76D525}.Debug|Any CPU.ActiveCfg = Debug|Any CPU
		{1F1C6B49-BB3C-44D7-9C9E-D912CF76D525}.Debug|Any CPU.Build.0 = Debug|Any CPU
		{1F1C6B49-BB3C-44D7-9C9E-D912CF76D525}.Release|Any CPU.ActiveCfg = Release|Any CPU
		{1F1C6B49-BB3C-44D7-9C9E-D912CF76D525}.Release|Any CPU.Build.0 = Release|Any CPU
		{C3064299-66C9-49FD-B19B-38CF1774CFAF}.Debug|Any CPU.ActiveCfg = Debug|Any CPU
		{C3064299-66C9-49FD-B19B-38CF1774CFAF}.Debug|Any CPU.Build.0 = Debug|Any CPU
		{C3064299-66C9-49FD-B19B-38CF1774CFAF}.Release|Any CPU.ActiveCfg = Release|Any CPU
		{C3064299-66C9-49FD-B19B-38CF1774CFAF}.Release|Any CPU.Build.0 = Release|Any CPU
	EndGlobalSection
	GlobalSection(SolutionProperties) = preSolution
		HideSolutionNode = FALSE
	EndGlobalSection
EndGlobal
