
Microsoft Visual Studio Solution File, Format Version 12.00
# Visual Studio 2013
VisualStudioVersion = 12.0.40629.0
MinimumVisualStudioVersion = 10.0.40219.1
Project("{FAE04EC0-301F-11D3-BF4B-00C04F79EFBC}") = "01.OddOrEven", "01.OddOrEven\01.OddOrEven.csproj", "{326E292B-B80E-498A-803D-F05B4CE87906}"
EndProject
Project("{FAE04EC0-301F-11D3-BF4B-00C04F79EFBC}") = "02.MoonGravity", "02.MoonGravity\02.MoonGravity.csproj", "{4FF641D8-79B8-4DB5-A67B-9B1875F5BE29}"
EndProject
Project("{FAE04EC0-301F-11D3-BF4B-00C04F79EFBC}") = "03.DivideBy7And5", "03.DivideBy7And5\03.DivideBy7And5.csproj", "{197877D1-D60E-4CA9-9FAA-922C1D8F60B2}"
EndProject
Project("{FAE04EC0-301F-11D3-BF4B-00C04F79EFBC}") = "04.Rectangles", "04.Rectangles\04.Rectangles.csproj", "{B0F8C022-A555-47AB-82B4-22F6786E0ADC}"
EndProject
Project("{FAE04EC0-301F-11D3-BF4B-00C04F79EFBC}") = "05.ThirdDigit", "05.ThirdDigit\05.ThirdDigit.csproj", "{536DB78C-2DD4-4BFB-98B3-BB97FAD10E71}"
EndProject
Project("{FAE04EC0-301F-11D3-BF4B-00C04F79EFBC}") = "06.FourDigits", "06.FourDigits\06.FourDigits.csproj", "{172AE84E-F4D3-4047-B8DF-47EBBA838960}"
EndProject
Project("{FAE04EC0-301F-11D3-BF4B-00C04F79EFBC}") = "07.PointInACircle", "07.PointInACircle\07.PointInACircle.csproj", "{96B85FFA-21C9-44F3-BDFB-2D288B25FCE1}"
EndProject
Project("{FAE04EC0-301F-11D3-BF4B-00C04F79EFBC}") = "08.PrimeCheck", "08.PrimeCheck\08.PrimeCheck.csproj", "{F80F6A24-63E0-4243-BCCF-44ABD28A2CF3}"
EndProject
Project("{FAE04EC0-301F-11D3-BF4B-00C04F79EFBC}") = "09.Trapezoid", "09.Trapezoid\09.Trapezoid.csproj", "{365EAB5B-4743-4867-98FD-7AE50AC03485}"
EndProject
Project("{FAE04EC0-301F-11D3-BF4B-00C04F79EFBC}") = "10.PointCircleRectangle", "10.PointCircleRectangle\10.PointCircleRectangle.csproj", "{147306F2-3428-4AD2-A238-6505FC06746A}"
EndProject
Project("{FAE04EC0-301F-11D3-BF4B-00C04F79EFBC}") = "11.3rdBit", "11.3rdBit\11.3rdBit.csproj", "{32F92C72-4CBA-4621-99B8-FA972FD1E2DE}"
EndProject
Project("{FAE04EC0-301F-11D3-BF4B-00C04F79EFBC}") = "12.NthBit", "12.NthBit\12.NthBit.csproj", "{1A85A191-628F-4648-B659-AB1F78F92430}"
EndProject
Project("{FAE04EC0-301F-11D3-BF4B-00C04F79EFBC}") = "13.ModifyBit", "13.ModifyBit\13.ModifyBit.csproj", "{40C253CB-4C7D-4CB1-ABFC-48CF191F9D4B}"
EndProject
Project("{FAE04EC0-301F-11D3-BF4B-00C04F79EFBC}") = "14.BitExchange", "14.BitExchange\14.BitExchange.csproj", "{CCE5A0E2-ECBB-4A31-815F-FFADF9139471}"
EndProject
Project("{FAE04EC0-301F-11D3-BF4B-00C04F79EFBC}") = "15.BitSwap", "15.BitSwap\15.BitSwap.csproj", "{01148EA1-121F-46C2-B04B-B0AC465D82BD}"
EndProject
Global
	GlobalSection(SolutionConfigurationPlatforms) = preSolution
		Debug|Any CPU = Debug|Any CPU
		Release|Any CPU = Release|Any CPU
	EndGlobalSection
	GlobalSection(ProjectConfigurationPlatforms) = postSolution
		{326E292B-B80E-498A-803D-F05B4CE87906}.Debug|Any CPU.ActiveCfg = Debug|Any CPU
		{326E292B-B80E-498A-803D-F05B4CE87906}.Debug|Any CPU.Build.0 = Debug|Any CPU
		{326E292B-B80E-498A-803D-F05B4CE87906}.Release|Any CPU.ActiveCfg = Release|Any CPU
		{326E292B-B80E-498A-803D-F05B4CE87906}.Release|Any CPU.Build.0 = Release|Any CPU
		{4FF641D8-79B8-4DB5-A67B-9B1875F5BE29}.Debug|Any CPU.ActiveCfg = Debug|Any CPU
		{4FF641D8-79B8-4DB5-A67B-9B1875F5BE29}.Debug|Any CPU.Build.0 = Debug|Any CPU
		{4FF641D8-79B8-4DB5-A67B-9B1875F5BE29}.Release|Any CPU.ActiveCfg = Release|Any CPU
		{4FF641D8-79B8-4DB5-A67B-9B1875F5BE29}.Release|Any CPU.Build.0 = Release|Any CPU
		{197877D1-D60E-4CA9-9FAA-922C1D8F60B2}.Debug|Any CPU.ActiveCfg = Debug|Any CPU
		{197877D1-D60E-4CA9-9FAA-922C1D8F60B2}.Debug|Any CPU.Build.0 = Debug|Any CPU
		{197877D1-D60E-4CA9-9FAA-922C1D8F60B2}.Release|Any CPU.ActiveCfg = Release|Any CPU
		{197877D1-D60E-4CA9-9FAA-922C1D8F60B2}.Release|Any CPU.Build.0 = Release|Any CPU
		{B0F8C022-A555-47AB-82B4-22F6786E0ADC}.Debug|Any CPU.ActiveCfg = Debug|Any CPU
		{B0F8C022-A555-47AB-82B4-22F6786E0ADC}.Debug|Any CPU.Build.0 = Debug|Any CPU
		{B0F8C022-A555-47AB-82B4-22F6786E0ADC}.Release|Any CPU.ActiveCfg = Release|Any CPU
		{B0F8C022-A555-47AB-82B4-22F6786E0ADC}.Release|Any CPU.Build.0 = Release|Any CPU
		{536DB78C-2DD4-4BFB-98B3-BB97FAD10E71}.Debug|Any CPU.ActiveCfg = Debug|Any CPU
		{536DB78C-2DD4-4BFB-98B3-BB97FAD10E71}.Debug|Any CPU.Build.0 = Debug|Any CPU
		{536DB78C-2DD4-4BFB-98B3-BB97FAD10E71}.Release|Any CPU.ActiveCfg = Release|Any CPU
		{536DB78C-2DD4-4BFB-98B3-BB97FAD10E71}.Release|Any CPU.Build.0 = Release|Any CPU
		{172AE84E-F4D3-4047-B8DF-47EBBA838960}.Debug|Any CPU.ActiveCfg = Debug|Any CPU
		{172AE84E-F4D3-4047-B8DF-47EBBA838960}.Debug|Any CPU.Build.0 = Debug|Any CPU
		{172AE84E-F4D3-4047-B8DF-47EBBA838960}.Release|Any CPU.ActiveCfg = Release|Any CPU
		{172AE84E-F4D3-4047-B8DF-47EBBA838960}.Release|Any CPU.Build.0 = Release|Any CPU
		{96B85FFA-21C9-44F3-BDFB-2D288B25FCE1}.Debug|Any CPU.ActiveCfg = Debug|Any CPU
		{96B85FFA-21C9-44F3-BDFB-2D288B25FCE1}.Debug|Any CPU.Build.0 = Debug|Any CPU
		{96B85FFA-21C9-44F3-BDFB-2D288B25FCE1}.Release|Any CPU.ActiveCfg = Release|Any CPU
		{96B85FFA-21C9-44F3-BDFB-2D288B25FCE1}.Release|Any CPU.Build.0 = Release|Any CPU
		{F80F6A24-63E0-4243-BCCF-44ABD28A2CF3}.Debug|Any CPU.ActiveCfg = Debug|Any CPU
		{F80F6A24-63E0-4243-BCCF-44ABD28A2CF3}.Debug|Any CPU.Build.0 = Debug|Any CPU
		{F80F6A24-63E0-4243-BCCF-44ABD28A2CF3}.Release|Any CPU.ActiveCfg = Release|Any CPU
		{F80F6A24-63E0-4243-BCCF-44ABD28A2CF3}.Release|Any CPU.Build.0 = Release|Any CPU
		{365EAB5B-4743-4867-98FD-7AE50AC03485}.Debug|Any CPU.ActiveCfg = Debug|Any CPU
		{365EAB5B-4743-4867-98FD-7AE50AC03485}.Debug|Any CPU.Build.0 = Debug|Any CPU
		{365EAB5B-4743-4867-98FD-7AE50AC03485}.Release|Any CPU.ActiveCfg = Release|Any CPU
		{365EAB5B-4743-4867-98FD-7AE50AC03485}.Release|Any CPU.Build.0 = Release|Any CPU
		{147306F2-3428-4AD2-A238-6505FC06746A}.Debug|Any CPU.ActiveCfg = Debug|Any CPU
		{147306F2-3428-4AD2-A238-6505FC06746A}.Debug|Any CPU.Build.0 = Debug|Any CPU
		{147306F2-3428-4AD2-A238-6505FC06746A}.Release|Any CPU.ActiveCfg = Release|Any CPU
		{147306F2-3428-4AD2-A238-6505FC06746A}.Release|Any CPU.Build.0 = Release|Any CPU
		{32F92C72-4CBA-4621-99B8-FA972FD1E2DE}.Debug|Any CPU.ActiveCfg = Debug|Any CPU
		{32F92C72-4CBA-4621-99B8-FA972FD1E2DE}.Debug|Any CPU.Build.0 = Debug|Any CPU
		{32F92C72-4CBA-4621-99B8-FA972FD1E2DE}.Release|Any CPU.ActiveCfg = Release|Any CPU
		{32F92C72-4CBA-4621-99B8-FA972FD1E2DE}.Release|Any CPU.Build.0 = Release|Any CPU
		{1A85A191-628F-4648-B659-AB1F78F92430}.Debug|Any CPU.ActiveCfg = Debug|Any CPU
		{1A85A191-628F-4648-B659-AB1F78F92430}.Debug|Any CPU.Build.0 = Debug|Any CPU
		{1A85A191-628F-4648-B659-AB1F78F92430}.Release|Any CPU.ActiveCfg = Release|Any CPU
		{1A85A191-628F-4648-B659-AB1F78F92430}.Release|Any CPU.Build.0 = Release|Any CPU
		{40C253CB-4C7D-4CB1-ABFC-48CF191F9D4B}.Debug|Any CPU.ActiveCfg = Debug|Any CPU
		{40C253CB-4C7D-4CB1-ABFC-48CF191F9D4B}.Debug|Any CPU.Build.0 = Debug|Any CPU
		{40C253CB-4C7D-4CB1-ABFC-48CF191F9D4B}.Release|Any CPU.ActiveCfg = Release|Any CPU
		{40C253CB-4C7D-4CB1-ABFC-48CF191F9D4B}.Release|Any CPU.Build.0 = Release|Any CPU
		{CCE5A0E2-ECBB-4A31-815F-FFADF9139471}.Debug|Any CPU.ActiveCfg = Debug|Any CPU
		{CCE5A0E2-ECBB-4A31-815F-FFADF9139471}.Debug|Any CPU.Build.0 = Debug|Any CPU
		{CCE5A0E2-ECBB-4A31-815F-FFADF9139471}.Release|Any CPU.ActiveCfg = Release|Any CPU
		{CCE5A0E2-ECBB-4A31-815F-FFADF9139471}.Release|Any CPU.Build.0 = Release|Any CPU
		{01148EA1-121F-46C2-B04B-B0AC465D82BD}.Debug|Any CPU.ActiveCfg = Debug|Any CPU
		{01148EA1-121F-46C2-B04B-B0AC465D82BD}.Debug|Any CPU.Build.0 = Debug|Any CPU
		{01148EA1-121F-46C2-B04B-B0AC465D82BD}.Release|Any CPU.ActiveCfg = Release|Any CPU
		{01148EA1-121F-46C2-B04B-B0AC465D82BD}.Release|Any CPU.Build.0 = Release|Any CPU
	EndGlobalSection
	GlobalSection(SolutionProperties) = preSolution
		HideSolutionNode = FALSE
	EndGlobalSection
EndGlobal
