
Microsoft Visual Studio Solution File, Format Version 12.00
# Visual Studio 2013
VisualStudioVersion = 12.0.40629.0
MinimumVisualStudioVersion = 10.0.40219.1
Project("{FAE04EC0-301F-11D3-BF4B-00C04F79EFBC}") = "01.MutantSquirrels", "01.MutantSquirrels\01.MutantSquirrels.csproj", "{F3A7780B-0F01-4393-A69A-549B7D785784}"
EndProject
Project("{FAE04EC0-301F-11D3-BF4B-00C04F79EFBC}") = "Speeds", "Speeds\Speeds.csproj", "{AE1121B3-9161-48D1-84F2-EFE56D1D1033}"
EndProject
Project("{FAE04EC0-301F-11D3-BF4B-00C04F79EFBC}") = "03.SumOfEvenDivisors", "03.SumOfEvenDivisors\03.SumOfEvenDivisors.csproj", "{582E88F4-2F43-49DE-A41F-BA54D3111FF6}"
EndProject
Project("{FAE04EC0-301F-11D3-BF4B-00C04F79EFBC}") = "04.MalkoKote", "04.MalkoKote\04.MalkoKote.csproj", "{4CBE0496-6C3E-429C-9CD9-5058A9028A41}"
EndProject
Project("{FAE04EC0-301F-11D3-BF4B-00C04F79EFBC}") = "05.Conductors", "05.Conductors\05.Conductors.csproj", "{3C29F7CB-CFF9-4888-9CEE-F7C94779E947}"
EndProject
Global
	GlobalSection(SolutionConfigurationPlatforms) = preSolution
		Debug|Any CPU = Debug|Any CPU
		Release|Any CPU = Release|Any CPU
	EndGlobalSection
	GlobalSection(ProjectConfigurationPlatforms) = postSolution
		{F3A7780B-0F01-4393-A69A-549B7D785784}.Debug|Any CPU.ActiveCfg = Debug|Any CPU
		{F3A7780B-0F01-4393-A69A-549B7D785784}.Debug|Any CPU.Build.0 = Debug|Any CPU
		{F3A7780B-0F01-4393-A69A-549B7D785784}.Release|Any CPU.ActiveCfg = Release|Any CPU
		{F3A7780B-0F01-4393-A69A-549B7D785784}.Release|Any CPU.Build.0 = Release|Any CPU
		{AE1121B3-9161-48D1-84F2-EFE56D1D1033}.Debug|Any CPU.ActiveCfg = Debug|Any CPU
		{AE1121B3-9161-48D1-84F2-EFE56D1D1033}.Debug|Any CPU.Build.0 = Debug|Any CPU
		{AE1121B3-9161-48D1-84F2-EFE56D1D1033}.Release|Any CPU.ActiveCfg = Release|Any CPU
		{AE1121B3-9161-48D1-84F2-EFE56D1D1033}.Release|Any CPU.Build.0 = Release|Any CPU
		{582E88F4-2F43-49DE-A41F-BA54D3111FF6}.Debug|Any CPU.ActiveCfg = Debug|Any CPU
		{582E88F4-2F43-49DE-A41F-BA54D3111FF6}.Debug|Any CPU.Build.0 = Debug|Any CPU
		{582E88F4-2F43-49DE-A41F-BA54D3111FF6}.Release|Any CPU.ActiveCfg = Release|Any CPU
		{582E88F4-2F43-49DE-A41F-BA54D3111FF6}.Release|Any CPU.Build.0 = Release|Any CPU
		{4CBE0496-6C3E-429C-9CD9-5058A9028A41}.Debug|Any CPU.ActiveCfg = Debug|Any CPU
		{4CBE0496-6C3E-429C-9CD9-5058A9028A41}.Debug|Any CPU.Build.0 = Debug|Any CPU
		{4CBE0496-6C3E-429C-9CD9-5058A9028A41}.Release|Any CPU.ActiveCfg = Release|Any CPU
		{4CBE0496-6C3E-429C-9CD9-5058A9028A41}.Release|Any CPU.Build.0 = Release|Any CPU
		{3C29F7CB-CFF9-4888-9CEE-F7C94779E947}.Debug|Any CPU.ActiveCfg = Debug|Any CPU
		{3C29F7CB-CFF9-4888-9CEE-F7C94779E947}.Debug|Any CPU.Build.0 = Debug|Any CPU
		{3C29F7CB-CFF9-4888-9CEE-F7C94779E947}.Release|Any CPU.ActiveCfg = Release|Any CPU
		{3C29F7CB-CFF9-4888-9CEE-F7C94779E947}.Release|Any CPU.Build.0 = Release|Any CPU
	EndGlobalSection
	GlobalSection(SolutionProperties) = preSolution
		HideSolutionNode = FALSE
	EndGlobalSection
EndGlobal
