
Microsoft Visual Studio Solution File, Format Version 12.00
# Visual Studio 2013
VisualStudioVersion = 12.0.40629.0
MinimumVisualStudioVersion = 10.0.40219.1
Project("{FAE04EC0-301F-11D3-BF4B-00C04F79EFBC}") = "01.FillTheMatrix", "01.FillTheMatrix\01.FillTheMatrix.csproj", "{79039E29-7AA0-4F04-AA2D-E313B7A79509}"
EndProject
Project("{FAE04EC0-301F-11D3-BF4B-00C04F79EFBC}") = "02.MaximalSum", "02.MaximalSum\02.MaximalSum.csproj", "{88694B4A-5376-4B3E-A5A5-DE3AB20B1140}"
EndProject
Project("{FAE04EC0-301F-11D3-BF4B-00C04F79EFBC}") = "03.SequenceInMatrix", "03.SequenceInMatrix\03.SequenceInMatrix.csproj", "{287C166A-7DA9-4D11-AE77-5F6AED7667B3}"
EndProject
Project("{FAE04EC0-301F-11D3-BF4B-00C04F79EFBC}") = "07.LargestAreaInMatrix", "07.LargestAreaInMatrix\07.LargestAreaInMatrix.csproj", "{F6A34A35-461F-41FC-AB65-96902AF24017}"
EndProject
Global
	GlobalSection(SolutionConfigurationPlatforms) = preSolution
		Debug|Any CPU = Debug|Any CPU
		Release|Any CPU = Release|Any CPU
	EndGlobalSection
	GlobalSection(ProjectConfigurationPlatforms) = postSolution
		{79039E29-7AA0-4F04-AA2D-E313B7A79509}.Debug|Any CPU.ActiveCfg = Debug|Any CPU
		{79039E29-7AA0-4F04-AA2D-E313B7A79509}.Debug|Any CPU.Build.0 = Debug|Any CPU
		{79039E29-7AA0-4F04-AA2D-E313B7A79509}.Release|Any CPU.ActiveCfg = Release|Any CPU
		{79039E29-7AA0-4F04-AA2D-E313B7A79509}.Release|Any CPU.Build.0 = Release|Any CPU
		{88694B4A-5376-4B3E-A5A5-DE3AB20B1140}.Debug|Any CPU.ActiveCfg = Debug|Any CPU
		{88694B4A-5376-4B3E-A5A5-DE3AB20B1140}.Debug|Any CPU.Build.0 = Debug|Any CPU
		{88694B4A-5376-4B3E-A5A5-DE3AB20B1140}.Release|Any CPU.ActiveCfg = Release|Any CPU
		{88694B4A-5376-4B3E-A5A5-DE3AB20B1140}.Release|Any CPU.Build.0 = Release|Any CPU
		{287C166A-7DA9-4D11-AE77-5F6AED7667B3}.Debug|Any CPU.ActiveCfg = Debug|Any CPU
		{287C166A-7DA9-4D11-AE77-5F6AED7667B3}.Debug|Any CPU.Build.0 = Debug|Any CPU
		{287C166A-7DA9-4D11-AE77-5F6AED7667B3}.Release|Any CPU.ActiveCfg = Release|Any CPU
		{287C166A-7DA9-4D11-AE77-5F6AED7667B3}.Release|Any CPU.Build.0 = Release|Any CPU
		{F6A34A35-461F-41FC-AB65-96902AF24017}.Debug|Any CPU.ActiveCfg = Debug|Any CPU
		{F6A34A35-461F-41FC-AB65-96902AF24017}.Debug|Any CPU.Build.0 = Debug|Any CPU
		{F6A34A35-461F-41FC-AB65-96902AF24017}.Release|Any CPU.ActiveCfg = Release|Any CPU
		{F6A34A35-461F-41FC-AB65-96902AF24017}.Release|Any CPU.Build.0 = Release|Any CPU
	EndGlobalSection
	GlobalSection(SolutionProperties) = preSolution
		HideSolutionNode = FALSE
	EndGlobalSection
EndGlobal
